
Microsoft Visual Studio Solution File, Format Version 12.00
# Visual Studio Version 17
VisualStudioVersion = 17.14.36401.2 d17.14
MinimumVisualStudioVersion = 10.0.40219.1
Project("{FAE04EC0-301F-11D3-BF4B-00C04F79EFBC}") = "AplicacionTodo-List-Rehacer", "AplicacionTodo-List-Rehacer.csproj", "{A1D77096-6EFA-46B6-AA41-6830F2BAD298}"
EndProject
Global
	GlobalSection(SolutionConfigurationPlatforms) = preSolution
		Debug|Any CPU = Debug|Any CPU
		Release|Any CPU = Release|Any CPU
	EndGlobalSection
	GlobalSection(ProjectConfigurationPlatforms) = postSolution
		{A1D77096-6EFA-46B6-AA41-6830F2BAD298}.Debug|Any CPU.ActiveCfg = Debug|Any CPU
		{A1D77096-6EFA-46B6-AA41-6830F2BAD298}.Debug|Any CPU.Build.0 = Debug|Any CPU
		{A1D77096-6EFA-46B6-AA41-6830F2BAD298}.Release|Any CPU.ActiveCfg = Release|Any CPU
		{A1D77096-6EFA-46B6-AA41-6830F2BAD298}.Release|Any CPU.Build.0 = Release|Any CPU
	EndGlobalSection
	GlobalSection(SolutionProperties) = preSolution
		HideSolutionNode = FALSE
	EndGlobalSection
	GlobalSection(ExtensibilityGlobals) = postSolution
		SolutionGuid = {D5FA4792-B0F4-4148-A891-884B1D516E2E}
	EndGlobalSection
EndGlobal
